
Microsoft Visual Studio Solution File, Format Version 12.00
# Visual Studio 15
VisualStudioVersion = 15.0.28307.329
MinimumVisualStudioVersion = 10.0.40219.1
Project("{FAE04EC0-301F-11D3-BF4B-00C04F79EFBC}") = "Challenge_01", "Challenge_01\Challenge_01.csproj", "{2D190841-E9EB-4E82-8404-8269B17E1BEE}"
EndProject
Global
	GlobalSection(SolutionConfigurationPlatforms) = preSolution
		Debug|Any CPU = Debug|Any CPU
		Release|Any CPU = Release|Any CPU
	EndGlobalSection
	GlobalSection(ProjectConfigurationPlatforms) = postSolution
		{2D190841-E9EB-4E82-8404-8269B17E1BEE}.Debug|Any CPU.ActiveCfg = Debug|Any CPU
		{2D190841-E9EB-4E82-8404-8269B17E1BEE}.Debug|Any CPU.Build.0 = Debug|Any CPU
		{2D190841-E9EB-4E82-8404-8269B17E1BEE}.Release|Any CPU.ActiveCfg = Release|Any CPU
		{2D190841-E9EB-4E82-8404-8269B17E1BEE}.Release|Any CPU.Build.0 = Release|Any CPU
	EndGlobalSection
	GlobalSection(SolutionProperties) = preSolution
		HideSolutionNode = FALSE
	EndGlobalSection
	GlobalSection(ExtensibilityGlobals) = postSolution
		SolutionGuid = {73E0B06B-53D8-4C36-9443-A9BB926E59AD}
	EndGlobalSection
EndGlobal
