
Microsoft Visual Studio Solution File, Format Version 12.00
# Visual Studio 15
VisualStudioVersion = 15.0.28307.329
MinimumVisualStudioVersion = 10.0.40219.1
Project("{FAE04EC0-301F-11D3-BF4B-00C04F79EFBC}") = "Challenge_01", "Challenge_01\Challenge_01.csproj", "{2D190841-E9EB-4E82-8404-8269B17E1BEE}"
EndProject
Project("{FAE04EC0-301F-11D3-BF4B-00C04F79EFBC}") = "Challenge_01_Tests", "Challenge_01_Tests\Challenge_01_Tests.csproj", "{05CBC0E4-66BA-4024-B199-95DF1E6DD0FC}"
EndProject
Project("{FAE04EC0-301F-11D3-BF4B-00C04F79EFBC}") = "Challenge_02", "ConsoleApp1\Challenge_02.csproj", "{82923D40-514C-473A-BA4E-F2AF981AAC02}"
EndProject
Project("{FAE04EC0-301F-11D3-BF4B-00C04F79EFBC}") = "Challenge_03", "Challenge_03\Challenge_03.csproj", "{9358881F-6CCE-4E90-9F18-7ADD067B718E}"
EndProject
Project("{FAE04EC0-301F-11D3-BF4B-00C04F79EFBC}") = "Challenge_02_Tests", "Challenge_02_Tests\Challenge_02_Tests.csproj", "{84533C0A-0DA7-44A5-94B6-06C884727E3E}"
EndProject
Project("{FAE04EC0-301F-11D3-BF4B-00C04F79EFBC}") = "Challenge_03_Tests", "Challenge_03_Tests\Challenge_03_Tests.csproj", "{E3D59795-5C42-4BFE-B87A-85D504B000A5}"
EndProject
Global
	GlobalSection(SolutionConfigurationPlatforms) = preSolution
		Debug|Any CPU = Debug|Any CPU
		Release|Any CPU = Release|Any CPU
	EndGlobalSection
	GlobalSection(ProjectConfigurationPlatforms) = postSolution
		{2D190841-E9EB-4E82-8404-8269B17E1BEE}.Debug|Any CPU.ActiveCfg = Debug|Any CPU
		{2D190841-E9EB-4E82-8404-8269B17E1BEE}.Debug|Any CPU.Build.0 = Debug|Any CPU
		{2D190841-E9EB-4E82-8404-8269B17E1BEE}.Release|Any CPU.ActiveCfg = Release|Any CPU
		{2D190841-E9EB-4E82-8404-8269B17E1BEE}.Release|Any CPU.Build.0 = Release|Any CPU
		{05CBC0E4-66BA-4024-B199-95DF1E6DD0FC}.Debug|Any CPU.ActiveCfg = Debug|Any CPU
		{05CBC0E4-66BA-4024-B199-95DF1E6DD0FC}.Debug|Any CPU.Build.0 = Debug|Any CPU
		{05CBC0E4-66BA-4024-B199-95DF1E6DD0FC}.Release|Any CPU.ActiveCfg = Release|Any CPU
		{05CBC0E4-66BA-4024-B199-95DF1E6DD0FC}.Release|Any CPU.Build.0 = Release|Any CPU
		{82923D40-514C-473A-BA4E-F2AF981AAC02}.Debug|Any CPU.ActiveCfg = Debug|Any CPU
		{82923D40-514C-473A-BA4E-F2AF981AAC02}.Debug|Any CPU.Build.0 = Debug|Any CPU
		{82923D40-514C-473A-BA4E-F2AF981AAC02}.Release|Any CPU.ActiveCfg = Release|Any CPU
		{82923D40-514C-473A-BA4E-F2AF981AAC02}.Release|Any CPU.Build.0 = Release|Any CPU
		{9358881F-6CCE-4E90-9F18-7ADD067B718E}.Debug|Any CPU.ActiveCfg = Debug|Any CPU
		{9358881F-6CCE-4E90-9F18-7ADD067B718E}.Debug|Any CPU.Build.0 = Debug|Any CPU
		{9358881F-6CCE-4E90-9F18-7ADD067B718E}.Release|Any CPU.ActiveCfg = Release|Any CPU
		{9358881F-6CCE-4E90-9F18-7ADD067B718E}.Release|Any CPU.Build.0 = Release|Any CPU
		{84533C0A-0DA7-44A5-94B6-06C884727E3E}.Debug|Any CPU.ActiveCfg = Debug|Any CPU
		{84533C0A-0DA7-44A5-94B6-06C884727E3E}.Debug|Any CPU.Build.0 = Debug|Any CPU
		{84533C0A-0DA7-44A5-94B6-06C884727E3E}.Release|Any CPU.ActiveCfg = Release|Any CPU
		{84533C0A-0DA7-44A5-94B6-06C884727E3E}.Release|Any CPU.Build.0 = Release|Any CPU
		{E3D59795-5C42-4BFE-B87A-85D504B000A5}.Debug|Any CPU.ActiveCfg = Debug|Any CPU
		{E3D59795-5C42-4BFE-B87A-85D504B000A5}.Debug|Any CPU.Build.0 = Debug|Any CPU
		{E3D59795-5C42-4BFE-B87A-85D504B000A5}.Release|Any CPU.ActiveCfg = Release|Any CPU
		{E3D59795-5C42-4BFE-B87A-85D504B000A5}.Release|Any CPU.Build.0 = Release|Any CPU
	EndGlobalSection
	GlobalSection(SolutionProperties) = preSolution
		HideSolutionNode = FALSE
	EndGlobalSection
	GlobalSection(ExtensibilityGlobals) = postSolution
		SolutionGuid = {73E0B06B-53D8-4C36-9443-A9BB926E59AD}
	EndGlobalSection
EndGlobal
